<?xml version="1.0" encoding="utf-8"?>
<Project ToolsVersion="4.0" xmlns="http://schemas.microsoft.com/developer/msbuild/2003">
  <ItemGroup>
    <Filter Include="Source Files">
      <UniqueIdentifier>{4FC737F1-C7A5-4376-A066-2A32D752A2FF}</UniqueIdentifier>
      <Extensions>cpp;c;cc;cxx;c++;cppm;ixx;def;odl;idl;hpj;bat;asm;asmx</Extensions>
    </Filter>
    <Filter Include="Header Files">
      <UniqueIdentifier>{93995380-89BD-4b04-88EB-625FBE52EBFB}</UniqueIdentifier>
      <Extensions>h;hh;hpp;hxx;h++;hm;inl;inc;ipp;xsd</Extensions>
    </Filter>
    <Filter Include="Resource Files">
      <UniqueIdentifier>{67DA6AB6-F800-4c08-8B7A-83BB121AAD01}</UniqueIdentifier>
      <Extensions>rc;ico;cur;bmp;dlg;rc2;rct;bin;rgs;gif;jpg;jpeg;jpe;resx;tiff;tif;png;wav;mfcribbon-ms</Extensions>
    </Filter>
    <Filter Include="SDK">
      <UniqueIdentifier>{11c5f8b2-94c8-4772-b857-3014d7d3ffa6}</UniqueIdentifier>
    </Filter>
  </ItemGroup>
  <ItemGroup>
    <ClInclude Include="framework.h">
      <Filter>Header Files</Filter>
    </ClInclude>
    <ClInclude Include="pch.h">
      <Filter>Header Files</Filter>
    </ClInclude>
    <ClInclude Include="SDK.h">
      <Filter>SDK</Filter>
    </ClInclude>
    <ClInclude Include="Hooking\D3D11Hooking.hpp">
      <Filter>Header Files</Filter>
    </ClInclude>
    <ClInclude Include="Hooking\HookLib.h">
      <Filter>Header Files</Filter>
    </ClInclude>
    <ClInclude Include="Hooking\magic_enum.hpp">
      <Filter>Header Files</Filter>
    </ClInclude>
    <ClInclude Include="ImGui\imconfig.h">
      <Filter>Header Files</Filter>
    </ClInclude>
    <ClInclude Include="ImGui\imgui.h">
      <Filter>Header Files</Filter>
    </ClInclude>
    <ClInclude Include="ImGui\imgui_internal.h">
      <Filter>Header Files</Filter>
    </ClInclude>
    <ClInclude Include="ImGui\imstb_rectpack.h">
      <Filter>Header Files</Filter>
    </ClInclude>
    <ClInclude Include="ImGui\imstb_textedit.h">
      <Filter>Header Files</Filter>
    </ClInclude>
    <ClInclude Include="ImGui\imstb_truetype.h">
      <Filter>Header Files</Filter>
    </ClInclude>
    <ClInclude Include="Menu.h">
      <Filter>Header Files</Filter>
    </ClInclude>
    <ClInclude Include="Hack.h">
      <Filter>Header Files</Filter>
    </ClInclude>
    <ClInclude Include="ImGui\imgui_impl_dx11.h">
      <Filter>Header Files</Filter>
    </ClInclude>
    <ClInclude Include="ImGui\imgui_impl_win32.h">
      <Filter>Header Files</Filter>
    </ClInclude>
    <ClInclude Include="ImGui\bytes.h">
      <Filter>Header Files</Filter>
    </ClInclude>
    <ClInclude Include="ImGui\imgui_shadow.h">
      <Filter>Header Files</Filter>
    </ClInclude>
    <ClInclude Include="ImGui\imgui_impl_dx9.h">
      <Filter>Header Files</Filter>
    </ClInclude>
  </ItemGroup>
  <ItemGroup>
    <ClCompile Include="dllmain.cpp">
      <Filter>Source Files</Filter>
    </ClCompile>
    <ClCompile Include="pch.cpp">
      <Filter>Source Files</Filter>
    </ClCompile>
    <ClCompile Include="SDK\CoreUObject_Package.cpp">
      <Filter>SDK</Filter>
    </ClCompile>
    <ClCompile Include="SDK\Engine_Package.cpp">
      <Filter>SDK</Filter>
    </ClCompile>
    <ClCompile Include="SDK\BasicTypes_Package.cpp">
      <Filter>SDK</Filter>
    </ClCompile>
    <ClCompile Include="Hooking\D3D11Hooking.cpp">
      <Filter>Source Files</Filter>
    </ClCompile>
    <ClCompile Include="ImGui\imgui.cpp">
      <Filter>Source Files</Filter>
    </ClCompile>
    <ClCompile Include="ImGui\imgui_demo.cpp">
      <Filter>Source Files</Filter>
    </ClCompile>
    <ClCompile Include="ImGui\imgui_draw.cpp">
      <Filter>Source Files</Filter>
    </ClCompile>
    <ClCompile Include="ImGui\imgui_tables.cpp">
      <Filter>Source Files</Filter>
    </ClCompile>
    <ClCompile Include="ImGui\imgui_widgets.cpp">
      <Filter>Source Files</Filter>
    </ClCompile>
    <ClCompile Include="Hack.cpp">
      <Filter>Source Files</Filter>
    </ClCompile>
    <ClCompile Include="ImGui\imgui_impl_dx11.cpp">
      <Filter>Source Files</Filter>
    </ClCompile>
    <ClCompile Include="ImGui\imgui_impl_win32.cpp">
      <Filter>Source Files</Filter>
    </ClCompile>
    <ClCompile Include="ImGui\imgui_shadow.cpp">
      <Filter>Source Files</Filter>
    </ClCompile>
    <ClCompile Include="ImGui\imgui_impl_dx9.cpp">
      <Filter>Source Files</Filter>
    </ClCompile>
    <ClCompile Include="..\..\xingarkv2\ARK\SDK\ShooterGame_Package.cpp">
      <Filter>Source Files</Filter>
    </ClCompile>
    <ClCompile Include="..\..\xingarkv2\ARK\SDK\Buff_TekArmor_Gloves_Package.cpp">
      <Filter>Source Files</Filter>
    </ClCompile>
  </ItemGroup>
  <ItemGroup>
    <Library Include="Hooking\HookLib.lib" />
    <Library Include="Hooking\Zydis.lib" />
  </ItemGroup>
</Project>